Microsoft Visual Studio Solution File, Format Version 12.00
# Visual Studio Version 17
VisualStudioVersion = 17.14.35906.104
MinimumVisualStudioVersion = 10.0.40219.1
Project("{FAE04EC0-301F-11D3-BF4B-00C04F79EFBC}") = "CheckOCRText", "CheckOCRText.csproj", "{908069D4-BA9C-4BAD-9970-F399A7D1511E}"
EndProject
Global
	GlobalSection(SolutionConfigurationPlatforms) = preSolution
		Debug|Any CPU = Debug|Any CPU
		Release|Any CPU = Release|Any CPU
	EndGlobalSection
	GlobalSection(ProjectConfigurationPlatforms) = postSolution
		{908069D4-BA9C-4BAD-9970-F399A7D1511E}.Debug|Any CPU.ActiveCfg = Debug|Any CPU
		{908069D4-BA9C-4BAD-9970-F399A7D1511E}.Debug|Any CPU.Build.0 = Debug|Any CPU
		{908069D4-BA9C-4BAD-9970-F399A7D1511E}.Release|Any CPU.ActiveCfg = Release|Any CPU
		{908069D4-BA9C-4BAD-9970-F399A7D1511E}.Release|Any CPU.Build.0 = Release|Any CPU
	EndGlobalSection
	GlobalSection(SolutionProperties) = preSolution
		HideSolutionNode = FALSE
	EndGlobalSection
	GlobalSection(ExtensibilityGlobals) = postSolution
		SolutionGuid = {7B04C11C-B2D8-473F-8D47-2AC0326C2EEE}
	EndGlobalSection
EndGlobal
